// !$*UTF8*$!
{
	archiveVersion = 1;
	classes = {
	};
	objectVersion = 46;
	objects = {

/* Begin PBXBuildFile section */
		4634163E1E26C856008C9D44 /* AppDelegate.swift in Sources */ = {isa = PBXBuildFile; fileRef = 4634163D1E26C856008C9D44 /* AppDelegate.swift */; };
		463416401E26C856008C9D44 /* ViewController.swift in Sources */ = {isa = PBXBuildFile; fileRef = 4634163F1E26C856008C9D44 /* ViewController.swift */; };
		463416431E26C856008C9D44 /* Main.storyboard in Resources */ = {isa = PBXBuildFile; fileRef = 463416411E26C856008C9D44 /* Main.storyboard */; };
		463416451E26C856008C9D44 /* Assets.xcassets in Resources */ = {isa = PBXBuildFile; fileRef = 463416441E26C856008C9D44 /* Assets.xcassets */; };
		463416481E26C856008C9D44 /* LaunchScreen.storyboard in Resources */ = {isa = PBXBuildFile; fileRef = 463416461E26C856008C9D44 /* LaunchScreen.storyboard */; };
/* End PBXBuildFile section */

/* Begin PBXFileReference section */
		4634163A1E26C856008C9D44 /* Intro App.app */ = {isa = PBXFileReference; explicitFileType = wrapper.application; includeInIndex = 0; path = "Intro App.app"; sourceTree = BUILT_PRODUCTS_DIR; };
		4634163D1E26C856008C9D44 /* AppDelegate.swift */ = {isa = PBXFileReference; lastKnownFileType = sourcecode.swift; path = AppDelegate.swift; sourceTree = "<group>"; };
		4634163F1E26C856008C9D44 /* ViewController.swift */ = {isa = PBXFileReference; lastKnownFileType = sourcecode.swift; path = ViewController.swift; sourceTree = "<group>"; };
		463416421E26C856008C9D44 /* Base */ = {isa = PBXFileReference; lastKnownFileType = file.storyboard; name = Base; path = Base.lproj/Main.storyboard; sourceTree = "<group>"; };
		463416441E26C856008C9D44 /* Assets.xcassets */ = {isa = PBXFileReference; lastKnownFileType = folder.assetcatalog; path = Assets.xcassets; sourceTree = "<group>"; };
		463416471E26C856008C9D44 /* Base */ = {isa = PBXFileReference; lastKnownFileType = file.storyboard; name = Base; path = Base.lproj/LaunchScreen.storyboard; sourceTree = "<group>"; };
		463416491E26C856008C9D44 /* Info.plist */ = {isa = PBXFileReference; lastKnownFileType = text.plist.xml; path = Info.plist; sourceTree = "<group>"; };
/* End PBXFileReference section */

/* Begin PBXFrameworksBuildPhase section */
		463416371E26C856008C9D44 /* Frameworks */ = {
			isa = PBXFrameworksBuildPhase;
			buildActionMask = 2147483647;
			files = (
			);
			runOnlyForDeploymentPostprocessing = 0;
		};
/* End PBXFrameworksBuildPhase section */

/* Begin PBXGroup section */
		463416311E26C856008C9D44 = {
			isa = PBXGroup;
			children = (
				4634163C1E26C856008C9D44 /* Intro App */,
				4634163B1E26C856008C9D44 /* Products */,
			);
			sourceTree = "<group>";
		};
		4634163B1E26C856008C9D44 /* Products */ = {
			isa = PBXGroup;
			children = (
				4634163A1E26C856008C9D44 /* Intro App.app */,
			);
			name = Products;
			sourceTree = "<group>";
		};
		4634163C1E26C856008C9D44 /* Intro App */ = {
			isa = PBXGroup;
			children = (
				4634163D1E26C856008C9D44 /* AppDelegate.swift */,
				4634163F1E26C856008C9D44 /* ViewController.swift */,
				463416411E26C856008C9D44 /* Main.storyboard */,
				463416441E26C856008C9D44 /* Assets.xcassets */,
				463416461E26C856008C9D44 /* LaunchScreen.storyboard */,
				463416491E26C856008C9D44 /* Info.plist */,
			);
			path = "Intro App";
			sourceTree = "<group>";
		};
/* End PBXGroup section */

/* Begin PBXNativeTarget section */
		463416391E26C856008C9D44 /* Intro App */ = {
			isa = PBXNativeTarget;
			buildConfigurationList = 4634164C1E26C856008C9D44 /* Build configuration list for PBXNativeTarget "Intro App" */;
			buildPhases = (
				463416361E26C856008C9D44 /* Sources */,
				463416371E26C856008C9D44 /* Frameworks */,
				463416381E26C856008C9D44 /* Resources */,
			);
			buildRules = (
			);
			dependencies = (
			);
			name = "Intro App";
			productName = "Intro App";
			productReference = 4634163A1E26C856008C9D44 /* Intro App.app */;
			productType = "com.apple.product-type.application";
		};
/* End PBXNativeTarget section */

/* Begin PBXProject section */
		463416321E26C856008C9D44 /* Project object */ = {
			isa = PBXProject;
			attributes = {
				LastSwiftUpdateCheck = 0820;
				LastUpgradeCheck = 0820;
				ORGANIZATIONNAME = "Patel, Advait";
				TargetAttributes = {
					463416391E26C856008C9D44 = {
						CreatedOnToolsVersion = 8.2;
						DevelopmentTeam = ZSE386E6E9;
						ProvisioningStyle = Automatic;
					};
				};
			};
			buildConfigurationList = 463416351E26C856008C9D44 /* Build configuration list for PBXProject "Intro App" */;
			compatibilityVersion = "Xcode 3.2";
			developmentRegion = English;
			hasScannedForEncodings = 0;
			knownRegions = (
				en,
				Base,
			);
			mainGroup = 463416311E26C856008C9D44;
			productRefGroup = 4634163B1E26C856008C9D44 /* Products */;
			projectDirPath = "";
			projectRoot = "";
			targets = (
				463416391E26C856008C9D44 /* Intro App */,
			);
		};
/* End PBXProject section */

/* Begin PBXResourcesBuildPhase section */
		463416381E26C856008C9D44 /* Resources */ = {
			isa = PBXResourcesBuildPhase;
			buildActionMask = 2147483647;
			files = (
				463416481E26C856008C9D44 /* LaunchScreen.storyboard in Resources */,
				463416451E26C856008C9D44 /* Assets.xcassets in Resources */,
				463416431E26C856008C9D44 /* Main.storyboard in Resources */,
			);
			runOnlyForDeploymentPostprocessing = 0;
		};
/* End PBXResourcesBuildPhase section */

/* Begin PBXSourcesBuildPhase section */
		463416361E26C856008C9D44 /* Sources */ = {
			isa = PBXSourcesBuildPhase;
			buildActionMask = 2147483647;
			files = (
				463416401E26C856008C9D44 /* ViewController.swift in Sources */,
				4634163E1E26C856008C9D44 /* AppDelegate.swift in Sources */,
			);
			runOnlyForDeploymentPostprocessing = 0;
		};
/* End PBXSourcesBuildPhase section */

/* Begin PBXVariantGroup section */
		463416411E26C856008C9D44 /* Main.storyboard */ = {
			isa = PBXVariantGroup;
			children = (
				463416421E26C856008C9D44 /* Base */,
			);
			name = Main.storyboard;
			sourceTree = "<group>";
		};
		463416461E26C856008C9D44 /* LaunchScreen.storyboard */ = {
			isa = PBXVariantGroup;
			children = (
				463416471E26C856008C9D44 /* Base */,
			);
			name = LaunchScreen.storyboard;
			sourceTree = "<group>";
		};
/* End PBXVariantGroup section */

/* Begin XCBuildConfiguration section */
		4634164A1E26C856008C9D44 /* Debug */ = {
			isa = XCBuildConfiguration;
			buildSettings = {
				ALWAYS_SEARCH_USER_PATHS = NO;
				CLANG_ANALYZER_NONNULL = YES;
				CLANG_CXX_LANGUAGE_STANDARD = "gnu++0x";
				CLANG_CXX_LIBRARY = "libc++";
				CLANG_ENABLE_MODULES = YES;
				CLANG_ENABLE_OBJC_ARC = YES;
				CLANG_WARN_BOOL_CONVERSION = YES;
				CLANG_WARN_CONSTANT_CONVERSION = YES;
				CLANG_WARN_DIRECT_OBJC_ISA_USAGE = YES_ERROR;
				CLANG_WARN_DOCUMENTATION_COMMENTS = YES;
				CLANG_WARN_EMPTY_BODY = YES;
				CLANG_WARN_ENUM_CONVERSION = YES;
				CLANG_WARN_INFINITE_RECURSION = YES;
				CLANG_WARN_INT_CONVERSION = YES;
				CLANG_WARN_OBJC_ROOT_CLASS = YES_ERROR;
				CLANG_WARN_SUSPICIOUS_MOVE = YES;
				CLANG_WARN_UNREACHABLE_CODE = YES;
				CLANG_WARN__DUPLICATE_METHOD_MATCH = YES;
				"CODE_SIGN_IDENTITY[sdk=iphoneos*]" = "iPhone Developer";
				COPY_PHASE_STRIP = NO;
				DEBUG_INFORMATION_FORMAT = dwarf;
				ENABLE_STRICT_OBJC_MSGSEND = YES;
				ENABLE_TESTABILITY = YES;
				GCC_C_LANGUAGE_STANDARD = gnu99;
				GCC_DYNAMIC_NO_PIC = NO;
				GCC_NO_COMMON_BLOCKS = YES;
				GCC_OPTIMIZATION_LEVEL = 0;
				GCC_PREPROCESSOR_DEFINITIONS = (
					"DEBUG=1",
					"$(inherited)",
				);
				GCC_WARN_64_TO_32_BIT_CONVERSION = YES;
				GCC_WARN_ABOUT_RETURN_TYPE = YES_ERROR;
				GCC_WARN_UNDECLARED_SELECTOR = YES;
				GCC_WARN_UNINITIALIZED_AUTOS = YES_AGGRESSIVE;
				GCC_WARN_UNUSED_FUNCTION = YES;
				GCC_WARN_UNUSED_VARIABLE = YES;
				IPHONEOS_DEPLOYMENT_TARGET = 10.2;
				MTL_ENABLE_DEBUG_INFO = YES;
				ONLY_ACTIVE_ARCH = YES;
				SDKROOT = iphoneos;
				SWIFT_ACTIVE_COMPILATION_CONDITIONS = DEBUG;
				SWIFT_OPTIMIZATION_LEVEL = "-Onone";
			};
			name = Debug;
		};
		4634164B1E26C856008C9D44 /* Release */ = {
			isa = XCBuildConfiguration;
			buildSettings = {
				ALWAYS_SEARCH_USER_PATHS = NO;
				CLANG_ANALYZER_NONNULL = YES;
				CLANG_CXX_LANGUAGE_STANDARD = "gnu++0x";
				CLANG_CXX_LIBRARY = "libc++";
				CLANG_ENABLE_MODULES = YES;
				CLANG_ENABLE_OBJC_ARC = YES;
				CLANG_WARN_BOOL_CONVERSION = YES;
				CLANG_WARN_CONSTANT_CONVERSION = YES;
				CLANG_WARN_DIRECT_OBJC_ISA_USAGE = YES_ERROR;
				CLANG_WARN_DOCUMENTATION_COMMENTS = YES;
				CLANG_WARN_EMPTY_BODY = YES;
				CLANG_WARN_ENUM_CONVERSION = YES;
				CLANG_WARN_INFINITE_RECURSION = YES;
				CLANG_WARN_INT_CONVERSION = YES;
				CLANG_WARN_OBJC_ROOT_CLASS = YES_ERROR;
				CLANG_WARN_SUSPICIOUS_MOVE = YES;
				CLANG_WARN_UNREACHABLE_CODE = YES;
				CLANG_WARN__DUPLICATE_METHOD_MATCH = YES;
				"CODE_SIGN_IDENTITY[sdk=iphoneos*]" = "iPhone Developer";
				COPY_PHASE_STRIP = NO;
				DEBUG_INFORMATION_FORMAT = "dwarf-with-dsym";
				ENABLE_NS_ASSERTIONS = NO;
				ENABLE_STRICT_OBJC_MSGSEND = YES;
				GCC_C_LANGUAGE_STANDARD = gnu99;
				GCC_NO_COMMON_BLOCKS = YES;
				GCC_WARN_64_TO_32_BIT_CONVERSION = YES;
				GCC_WARN_ABOUT_RETURN_TYPE = YES_ERROR;
				GCC_WARN_UNDECLARED_SELECTOR = YES;
				GCC_WARN_UNINITIALIZED_AUTOS = YES_AGGRESSIVE;
				GCC_WARN_UNUSED_FUNCTION = YES;
				GCC_WARN_UNUSED_VARIABLE = YES;
				IPHONEOS_DEPLOYMENT_TARGET = 10.2;
				MTL_ENABLE_DEBUG_INFO = NO;
				SDKROOT = iphoneos;
				SWIFT_OPTIMIZATION_LEVEL = "-Owholemodule";
				VALIDATE_PRODUCT = YES;
			};
			name = Release;
		};
		4634164D1E26C856008C9D44 /* Debug */ = {
			isa = XCBuildConfiguration;
			buildSettings = {
				ASSETCATALOG_COMPILER_APPICON_NAME = AppIcon;
				DEVELOPMENT_TEAM = ZSE386E6E9;
				INFOPLIST_FILE = "Intro App/Info.plist";
				LD_RUNPATH_SEARCH_PATHS = "$(inherited) @executable_path/Frameworks";
				PRODUCT_BUNDLE_IDENTIFIER = "com.depaul.advait..Intro-App";
				PRODUCT_NAME = "$(TARGET_NAME)";
				SWIFT_VERSION = 3.0;
			};
			name = Debug;
		};
		4634164E1E26C856008C9D44 /* Release */ = {
			isa = XCBuildConfiguration;
			buildSettings = {
				ASSETCATALOG_COMPILER_APPICON_NAME = AppIcon;
				DEVELOPMENT_TEAM = ZSE386E6E9;
				INFOPLIST_FILE = "Intro App/Info.plist";
				LD_RUNPATH_SEARCH_PATHS = "$(inherited) @executable_path/Frameworks";
				PRODUCT_BUNDLE_IDENTIFIER = "com.depaul.advait..Intro-App";
				PRODUCT_NAME = "$(TARGET_NAME)";
				SWIFT_VERSION = 3.0;
			};
			name = Release;
		};
/* End XCBuildConfiguration section */

/* Begin XCConfigurationList section */
		463416351E26C856008C9D44 /* Build configuration list for PBXProject "Intro App" */ = {
			isa = XCConfigurationList;
			buildConfigurations = (
				4634164A1E26C856008C9D44 /* Debug */,
				4634164B1E26C856008C9D44 /* Release */,
			);
			defaultConfigurationIsVisible = 0;
			defaultConfigurationName = Release;
		};
		4634164C1E26C856008C9D44 /* Build configuration list for PBXNativeTarget "Intro App" */ = {
			isa = XCConfigurationList;
			buildConfigurations = (
				4634164D1E26C856008C9D44 /* Debug */,
				4634164E1E26C856008C9D44 /* Release */,
			);
			defaultConfigurationIsVisible = 0;
		};
/* End XCConfigurationList section */
	};
	rootObject = 463416321E26C856008C9D44 /* Project object */;
}
