// !$*UTF8*$!
{
	archiveVersion = 1;
	classes = {
	};
	objectVersion = 46;
	objects = {

/* Begin PBXBuildFile section */
		46561C721E26ECB900D7421F /* AppDelegate.swift in Sources */ = {isa = PBXBuildFile; fileRef = 46561C711E26ECB900D7421F /* AppDelegate.swift */; };
		46561C741E26ECB900D7421F /* ViewController.swift in Sources */ = {isa = PBXBuildFile; fileRef = 46561C731E26ECB900D7421F /* ViewController.swift */; };
		46561C771E26ECB900D7421F /* Main.storyboard in Resources */ = {isa = PBXBuildFile; fileRef = 46561C751E26ECB900D7421F /* Main.storyboard */; };
		46561C791E26ECB900D7421F /* Assets.xcassets in Resources */ = {isa = PBXBuildFile; fileRef = 46561C781E26ECB900D7421F /* Assets.xcassets */; };
		46561C7C1E26ECB900D7421F /* LaunchScreen.storyboard in Resources */ = {isa = PBXBuildFile; fileRef = 46561C7A1E26ECB900D7421F /* LaunchScreen.storyboard */; };
		46561C841E26EE7300D7421F /* friends.jpg in Resources */ = {isa = PBXBuildFile; fileRef = 46561C831E26EE7300D7421F /* friends.jpg */; };
/* End PBXBuildFile section */

/* Begin PBXFileReference section */
		46561C6E1E26ECB900D7421F /* Cat Years.app */ = {isa = PBXFileReference; explicitFileType = wrapper.application; includeInIndex = 0; path = "Cat Years.app"; sourceTree = BUILT_PRODUCTS_DIR; };
		46561C711E26ECB900D7421F /* AppDelegate.swift */ = {isa = PBXFileReference; lastKnownFileType = sourcecode.swift; path = AppDelegate.swift; sourceTree = "<group>"; };
		46561C731E26ECB900D7421F /* ViewController.swift */ = {isa = PBXFileReference; lastKnownFileType = sourcecode.swift; path = ViewController.swift; sourceTree = "<group>"; };
		46561C761E26ECB900D7421F /* Base */ = {isa = PBXFileReference; lastKnownFileType = file.storyboard; name = Base; path = Base.lproj/Main.storyboard; sourceTree = "<group>"; };
		46561C781E26ECB900D7421F /* Assets.xcassets */ = {isa = PBXFileReference; lastKnownFileType = folder.assetcatalog; path = Assets.xcassets; sourceTree = "<group>"; };
		46561C7B1E26ECB900D7421F /* Base */ = {isa = PBXFileReference; lastKnownFileType = file.storyboard; name = Base; path = Base.lproj/LaunchScreen.storyboard; sourceTree = "<group>"; };
		46561C7D1E26ECB900D7421F /* Info.plist */ = {isa = PBXFileReference; lastKnownFileType = text.plist.xml; path = Info.plist; sourceTree = "<group>"; };
		46561C831E26EE7300D7421F /* friends.jpg */ = {isa = PBXFileReference; lastKnownFileType = image.jpeg; path = friends.jpg; sourceTree = "<group>"; };
/* End PBXFileReference section */

/* Begin PBXFrameworksBuildPhase section */
		46561C6B1E26ECB900D7421F /* Frameworks */ = {
			isa = PBXFrameworksBuildPhase;
			buildActionMask = 2147483647;
			files = (
			);
			runOnlyForDeploymentPostprocessing = 0;
		};
/* End PBXFrameworksBuildPhase section */

/* Begin PBXGroup section */
		46561C651E26ECB900D7421F = {
			isa = PBXGroup;
			children = (
				46561C701E26ECB900D7421F /* Cat Years */,
				46561C6F1E26ECB900D7421F /* Products */,
			);
			sourceTree = "<group>";
		};
		46561C6F1E26ECB900D7421F /* Products */ = {
			isa = PBXGroup;
			children = (
				46561C6E1E26ECB900D7421F /* Cat Years.app */,
			);
			name = Products;
			sourceTree = "<group>";
		};
		46561C701E26ECB900D7421F /* Cat Years */ = {
			isa = PBXGroup;
			children = (
				46561C711E26ECB900D7421F /* AppDelegate.swift */,
				46561C731E26ECB900D7421F /* ViewController.swift */,
				46561C751E26ECB900D7421F /* Main.storyboard */,
				46561C831E26EE7300D7421F /* friends.jpg */,
				46561C781E26ECB900D7421F /* Assets.xcassets */,
				46561C7A1E26ECB900D7421F /* LaunchScreen.storyboard */,
				46561C7D1E26ECB900D7421F /* Info.plist */,
			);
			path = "Cat Years";
			sourceTree = "<group>";
		};
/* End PBXGroup section */

/* Begin PBXNativeTarget section */
		46561C6D1E26ECB900D7421F /* Cat Years */ = {
			isa = PBXNativeTarget;
			buildConfigurationList = 46561C801E26ECB900D7421F /* Build configuration list for PBXNativeTarget "Cat Years" */;
			buildPhases = (
				46561C6A1E26ECB900D7421F /* Sources */,
				46561C6B1E26ECB900D7421F /* Frameworks */,
				46561C6C1E26ECB900D7421F /* Resources */,
			);
			buildRules = (
			);
			dependencies = (
			);
			name = "Cat Years";
			productName = "Cat Years";
			productReference = 46561C6E1E26ECB900D7421F /* Cat Years.app */;
			productType = "com.apple.product-type.application";
		};
/* End PBXNativeTarget section */

/* Begin PBXProject section */
		46561C661E26ECB900D7421F /* Project object */ = {
			isa = PBXProject;
			attributes = {
				LastSwiftUpdateCheck = 0820;
				LastUpgradeCheck = 0820;
				ORGANIZATIONNAME = "Patel, Advait";
				TargetAttributes = {
					46561C6D1E26ECB900D7421F = {
						CreatedOnToolsVersion = 8.2;
						DevelopmentTeam = ZSE386E6E9;
						ProvisioningStyle = Automatic;
					};
				};
			};
			buildConfigurationList = 46561C691E26ECB900D7421F /* Build configuration list for PBXProject "Cat Years" */;
			compatibilityVersion = "Xcode 3.2";
			developmentRegion = English;
			hasScannedForEncodings = 0;
			knownRegions = (
				en,
				Base,
			);
			mainGroup = 46561C651E26ECB900D7421F;
			productRefGroup = 46561C6F1E26ECB900D7421F /* Products */;
			projectDirPath = "";
			projectRoot = "";
			targets = (
				46561C6D1E26ECB900D7421F /* Cat Years */,
			);
		};
/* End PBXProject section */

/* Begin PBXResourcesBuildPhase section */
		46561C6C1E26ECB900D7421F /* Resources */ = {
			isa = PBXResourcesBuildPhase;
			buildActionMask = 2147483647;
			files = (
				46561C7C1E26ECB900D7421F /* LaunchScreen.storyboard in Resources */,
				46561C841E26EE7300D7421F /* friends.jpg in Resources */,
				46561C791E26ECB900D7421F /* Assets.xcassets in Resources */,
				46561C771E26ECB900D7421F /* Main.storyboard in Resources */,
			);
			runOnlyForDeploymentPostprocessing = 0;
		};
/* End PBXResourcesBuildPhase section */

/* Begin PBXSourcesBuildPhase section */
		46561C6A1E26ECB900D7421F /* Sources */ = {
			isa = PBXSourcesBuildPhase;
			buildActionMask = 2147483647;
			files = (
				46561C741E26ECB900D7421F /* ViewController.swift in Sources */,
				46561C721E26ECB900D7421F /* AppDelegate.swift in Sources */,
			);
			runOnlyForDeploymentPostprocessing = 0;
		};
/* End PBXSourcesBuildPhase section */

/* Begin PBXVariantGroup section */
		46561C751E26ECB900D7421F /* Main.storyboard */ = {
			isa = PBXVariantGroup;
			children = (
				46561C761E26ECB900D7421F /* Base */,
			);
			name = Main.storyboard;
			sourceTree = "<group>";
		};
		46561C7A1E26ECB900D7421F /* LaunchScreen.storyboard */ = {
			isa = PBXVariantGroup;
			children = (
				46561C7B1E26ECB900D7421F /* Base */,
			);
			name = LaunchScreen.storyboard;
			sourceTree = "<group>";
		};
/* End PBXVariantGroup section */

/* Begin XCBuildConfiguration section */
		46561C7E1E26ECB900D7421F /* Debug */ = {
			isa = XCBuildConfiguration;
			buildSettings = {
				ALWAYS_SEARCH_USER_PATHS = NO;
				CLANG_ANALYZER_NONNULL = YES;
				CLANG_CXX_LANGUAGE_STANDARD = "gnu++0x";
				CLANG_CXX_LIBRARY = "libc++";
				CLANG_ENABLE_MODULES = YES;
				CLANG_ENABLE_OBJC_ARC = YES;
				CLANG_WARN_BOOL_CONVERSION = YES;
				CLANG_WARN_CONSTANT_CONVERSION = YES;
				CLANG_WARN_DIRECT_OBJC_ISA_USAGE = YES_ERROR;
				CLANG_WARN_DOCUMENTATION_COMMENTS = YES;
				CLANG_WARN_EMPTY_BODY = YES;
				CLANG_WARN_ENUM_CONVERSION = YES;
				CLANG_WARN_INFINITE_RECURSION = YES;
				CLANG_WARN_INT_CONVERSION = YES;
				CLANG_WARN_OBJC_ROOT_CLASS = YES_ERROR;
				CLANG_WARN_SUSPICIOUS_MOVE = YES;
				CLANG_WARN_UNREACHABLE_CODE = YES;
				CLANG_WARN__DUPLICATE_METHOD_MATCH = YES;
				"CODE_SIGN_IDENTITY[sdk=iphoneos*]" = "iPhone Developer";
				COPY_PHASE_STRIP = NO;
				DEBUG_INFORMATION_FORMAT = dwarf;
				ENABLE_STRICT_OBJC_MSGSEND = YES;
				ENABLE_TESTABILITY = YES;
				GCC_C_LANGUAGE_STANDARD = gnu99;
				GCC_DYNAMIC_NO_PIC = NO;
				GCC_NO_COMMON_BLOCKS = YES;
				GCC_OPTIMIZATION_LEVEL = 0;
				GCC_PREPROCESSOR_DEFINITIONS = (
					"DEBUG=1",
					"$(inherited)",
				);
				GCC_WARN_64_TO_32_BIT_CONVERSION = YES;
				GCC_WARN_ABOUT_RETURN_TYPE = YES_ERROR;
				GCC_WARN_UNDECLARED_SELECTOR = YES;
				GCC_WARN_UNINITIALIZED_AUTOS = YES_AGGRESSIVE;
				GCC_WARN_UNUSED_FUNCTION = YES;
				GCC_WARN_UNUSED_VARIABLE = YES;
				IPHONEOS_DEPLOYMENT_TARGET = 10.2;
				MTL_ENABLE_DEBUG_INFO = YES;
				ONLY_ACTIVE_ARCH = YES;
				SDKROOT = iphoneos;
				SWIFT_ACTIVE_COMPILATION_CONDITIONS = DEBUG;
				SWIFT_OPTIMIZATION_LEVEL = "-Onone";
			};
			name = Debug;
		};
		46561C7F1E26ECB900D7421F /* Release */ = {
			isa = XCBuildConfiguration;
			buildSettings = {
				ALWAYS_SEARCH_USER_PATHS = NO;
				CLANG_ANALYZER_NONNULL = YES;
				CLANG_CXX_LANGUAGE_STANDARD = "gnu++0x";
				CLANG_CXX_LIBRARY = "libc++";
				CLANG_ENABLE_MODULES = YES;
				CLANG_ENABLE_OBJC_ARC = YES;
				CLANG_WARN_BOOL_CONVERSION = YES;
				CLANG_WARN_CONSTANT_CONVERSION = YES;
				CLANG_WARN_DIRECT_OBJC_ISA_USAGE = YES_ERROR;
				CLANG_WARN_DOCUMENTATION_COMMENTS = YES;
				CLANG_WARN_EMPTY_BODY = YES;
				CLANG_WARN_ENUM_CONVERSION = YES;
				CLANG_WARN_INFINITE_RECURSION = YES;
				CLANG_WARN_INT_CONVERSION = YES;
				CLANG_WARN_OBJC_ROOT_CLASS = YES_ERROR;
				CLANG_WARN_SUSPICIOUS_MOVE = YES;
				CLANG_WARN_UNREACHABLE_CODE = YES;
				CLANG_WARN__DUPLICATE_METHOD_MATCH = YES;
				"CODE_SIGN_IDENTITY[sdk=iphoneos*]" = "iPhone Developer";
				COPY_PHASE_STRIP = NO;
				DEBUG_INFORMATION_FORMAT = "dwarf-with-dsym";
				ENABLE_NS_ASSERTIONS = NO;
				ENABLE_STRICT_OBJC_MSGSEND = YES;
				GCC_C_LANGUAGE_STANDARD = gnu99;
				GCC_NO_COMMON_BLOCKS = YES;
				GCC_WARN_64_TO_32_BIT_CONVERSION = YES;
				GCC_WARN_ABOUT_RETURN_TYPE = YES_ERROR;
				GCC_WARN_UNDECLARED_SELECTOR = YES;
				GCC_WARN_UNINITIALIZED_AUTOS = YES_AGGRESSIVE;
				GCC_WARN_UNUSED_FUNCTION = YES;
				GCC_WARN_UNUSED_VARIABLE = YES;
				IPHONEOS_DEPLOYMENT_TARGET = 10.2;
				MTL_ENABLE_DEBUG_INFO = NO;
				SDKROOT = iphoneos;
				SWIFT_OPTIMIZATION_LEVEL = "-Owholemodule";
				VALIDATE_PRODUCT = YES;
			};
			name = Release;
		};
		46561C811E26ECB900D7421F /* Debug */ = {
			isa = XCBuildConfiguration;
			buildSettings = {
				ASSETCATALOG_COMPILER_APPICON_NAME = AppIcon;
				DEVELOPMENT_TEAM = ZSE386E6E9;
				INFOPLIST_FILE = "Cat Years/Info.plist";
				LD_RUNPATH_SEARCH_PATHS = "$(inherited) @executable_path/Frameworks";
				PRODUCT_BUNDLE_IDENTIFIER = "com.depaul.advait..Cat-Years";
				PRODUCT_NAME = "$(TARGET_NAME)";
				SWIFT_VERSION = 3.0;
			};
			name = Debug;
		};
		46561C821E26ECB900D7421F /* Release */ = {
			isa = XCBuildConfiguration;
			buildSettings = {
				ASSETCATALOG_COMPILER_APPICON_NAME = AppIcon;
				DEVELOPMENT_TEAM = ZSE386E6E9;
				INFOPLIST_FILE = "Cat Years/Info.plist";
				LD_RUNPATH_SEARCH_PATHS = "$(inherited) @executable_path/Frameworks";
				PRODUCT_BUNDLE_IDENTIFIER = "com.depaul.advait..Cat-Years";
				PRODUCT_NAME = "$(TARGET_NAME)";
				SWIFT_VERSION = 3.0;
			};
			name = Release;
		};
/* End XCBuildConfiguration section */

/* Begin XCConfigurationList section */
		46561C691E26ECB900D7421F /* Build configuration list for PBXProject "Cat Years" */ = {
			isa = XCConfigurationList;
			buildConfigurations = (
				46561C7E1E26ECB900D7421F /* Debug */,
				46561C7F1E26ECB900D7421F /* Release */,
			);
			defaultConfigurationIsVisible = 0;
			defaultConfigurationName = Release;
		};
		46561C801E26ECB900D7421F /* Build configuration list for PBXNativeTarget "Cat Years" */ = {
			isa = XCConfigurationList;
			buildConfigurations = (
				46561C811E26ECB900D7421F /* Debug */,
				46561C821E26ECB900D7421F /* Release */,
			);
			defaultConfigurationIsVisible = 0;
		};
/* End XCConfigurationList section */
	};
	rootObject = 46561C661E26ECB900D7421F /* Project object */;
}
